
Microsoft Visual Studio Solution File, Format Version 12.00
# Visual Studio 15
VisualStudioVersion = 15.0.26124.0
MinimumVisualStudioVersion = 15.0.26124.0
Project("{FAE04EC0-301F-11D3-BF4B-00C04F79EFBC}") = "csye6225", "csye6225\csye6225.csproj", "{FA166534-A149-44B4-806A-609C7BD161F0}"
EndProject
Project("{FAE04EC0-301F-11D3-BF4B-00C04F79EFBC}") = "UnitTests", "UnitTests\UnitTests.csproj", "{968984EF-1C65-48F8-BF77-8C111BF90714}"
EndProject
Global
	GlobalSection(SolutionConfigurationPlatforms) = preSolution
		Debug|Any CPU = Debug|Any CPU
		Debug|x64 = Debug|x64
		Debug|x86 = Debug|x86
		Release|Any CPU = Release|Any CPU
		Release|x64 = Release|x64
		Release|x86 = Release|x86
	EndGlobalSection
	GlobalSection(SolutionProperties) = preSolution
		HideSolutionNode = FALSE
	EndGlobalSection
	GlobalSection(ProjectConfigurationPlatforms) = postSolution
		{FA166534-A149-44B4-806A-609C7BD161F0}.Debug|Any CPU.ActiveCfg = Debug|Any CPU
		{FA166534-A149-44B4-806A-609C7BD161F0}.Debug|Any CPU.Build.0 = Debug|Any CPU
		{FA166534-A149-44B4-806A-609C7BD161F0}.Debug|x64.ActiveCfg = Debug|Any CPU
		{FA166534-A149-44B4-806A-609C7BD161F0}.Debug|x64.Build.0 = Debug|Any CPU
		{FA166534-A149-44B4-806A-609C7BD161F0}.Debug|x86.ActiveCfg = Debug|Any CPU
		{FA166534-A149-44B4-806A-609C7BD161F0}.Debug|x86.Build.0 = Debug|Any CPU
		{FA166534-A149-44B4-806A-609C7BD161F0}.Release|Any CPU.ActiveCfg = Release|Any CPU
		{FA166534-A149-44B4-806A-609C7BD161F0}.Release|Any CPU.Build.0 = Release|Any CPU
		{FA166534-A149-44B4-806A-609C7BD161F0}.Release|x64.ActiveCfg = Release|Any CPU
		{FA166534-A149-44B4-806A-609C7BD161F0}.Release|x64.Build.0 = Release|Any CPU
		{FA166534-A149-44B4-806A-609C7BD161F0}.Release|x86.ActiveCfg = Release|Any CPU
		{FA166534-A149-44B4-806A-609C7BD161F0}.Release|x86.Build.0 = Release|Any CPU
		{968984EF-1C65-48F8-BF77-8C111BF90714}.Debug|Any CPU.ActiveCfg = Debug|Any CPU
		{968984EF-1C65-48F8-BF77-8C111BF90714}.Debug|Any CPU.Build.0 = Debug|Any CPU
		{968984EF-1C65-48F8-BF77-8C111BF90714}.Debug|x64.ActiveCfg = Debug|Any CPU
		{968984EF-1C65-48F8-BF77-8C111BF90714}.Debug|x64.Build.0 = Debug|Any CPU
		{968984EF-1C65-48F8-BF77-8C111BF90714}.Debug|x86.ActiveCfg = Debug|Any CPU
		{968984EF-1C65-48F8-BF77-8C111BF90714}.Debug|x86.Build.0 = Debug|Any CPU
		{968984EF-1C65-48F8-BF77-8C111BF90714}.Release|Any CPU.ActiveCfg = Release|Any CPU
		{968984EF-1C65-48F8-BF77-8C111BF90714}.Release|Any CPU.Build.0 = Release|Any CPU
		{968984EF-1C65-48F8-BF77-8C111BF90714}.Release|x64.ActiveCfg = Release|Any CPU
		{968984EF-1C65-48F8-BF77-8C111BF90714}.Release|x64.Build.0 = Release|Any CPU
		{968984EF-1C65-48F8-BF77-8C111BF90714}.Release|x86.ActiveCfg = Release|Any CPU
		{968984EF-1C65-48F8-BF77-8C111BF90714}.Release|x86.Build.0 = Release|Any CPU
	EndGlobalSection
EndGlobal
